
Microsoft Visual Studio Solution File, Format Version 12.00
# Visual Studio Version 17
VisualStudioVersion = 17.5.33530.505
MinimumVisualStudioVersion = 10.0.40219.1
Project("{FAE04EC0-301F-11D3-BF4B-00C04F79EFBC}") = "KahveDependencyInjection", "KahveDependencyInjection\KahveDependencyInjection.csproj", "{89C0F216-5500-426C-8DFE-FD68E4AD5C72}"
EndProject
Project("{FAE04EC0-301F-11D3-BF4B-00C04F79EFBC}") = "Interfaces", "Interfaces\Interfaces.csproj", "{66653398-F3A6-4EE1-BA02-734FECC4A1EC}"
EndProject
Global
	GlobalSection(SolutionConfigurationPlatforms) = preSolution
		Debug|Any CPU = Debug|Any CPU
		Release|Any CPU = Release|Any CPU
	EndGlobalSection
	GlobalSection(ProjectConfigurationPlatforms) = postSolution
		{89C0F216-5500-426C-8DFE-FD68E4AD5C72}.Debug|Any CPU.ActiveCfg = Debug|Any CPU
		{89C0F216-5500-426C-8DFE-FD68E4AD5C72}.Debug|Any CPU.Build.0 = Debug|Any CPU
		{89C0F216-5500-426C-8DFE-FD68E4AD5C72}.Release|Any CPU.ActiveCfg = Release|Any CPU
		{89C0F216-5500-426C-8DFE-FD68E4AD5C72}.Release|Any CPU.Build.0 = Release|Any CPU
		{66653398-F3A6-4EE1-BA02-734FECC4A1EC}.Debug|Any CPU.ActiveCfg = Debug|Any CPU
		{66653398-F3A6-4EE1-BA02-734FECC4A1EC}.Debug|Any CPU.Build.0 = Debug|Any CPU
		{66653398-F3A6-4EE1-BA02-734FECC4A1EC}.Release|Any CPU.ActiveCfg = Release|Any CPU
		{66653398-F3A6-4EE1-BA02-734FECC4A1EC}.Release|Any CPU.Build.0 = Release|Any CPU
	EndGlobalSection
	GlobalSection(SolutionProperties) = preSolution
		HideSolutionNode = FALSE
	EndGlobalSection
	GlobalSection(ExtensibilityGlobals) = postSolution
		SolutionGuid = {D98DBF91-4855-4EA0-B437-6FFB956C24AC}
	EndGlobalSection
EndGlobal
